
Microsoft Visual Studio Solution File, Format Version 12.00
# Visual Studio Version 17
VisualStudioVersion = 17.2.32616.157
MinimumVisualStudioVersion = 10.0.40219.1
Project("{9A19103F-16F7-4668-BE54-9A1E7A4F7556}") = "BookStore.Api", "BookStore.Api\BookStore.Api.csproj", "{64ABDBB9-23DF-4ED3-854B-BA20631C717D}"
EndProject
Project("{9A19103F-16F7-4668-BE54-9A1E7A4F7556}") = "BookStore.Models", "BookStore.Models\BookStore.Models.csproj", "{3AD7F45F-C27C-4911-86B1-C8B6A61085FE}"
EndProject
Project("{9A19103F-16F7-4668-BE54-9A1E7A4F7556}") = "BookStore.Repository", "BookStore.Repository\BookStore.Repository.csproj", "{A00CC812-2AE8-4B28-B22C-081DA3F8F34F}"
EndProject
Global
	GlobalSection(SolutionConfigurationPlatforms) = preSolution
		Debug|Any CPU = Debug|Any CPU
		Release|Any CPU = Release|Any CPU
	EndGlobalSection
	GlobalSection(ProjectConfigurationPlatforms) = postSolution
		{64ABDBB9-23DF-4ED3-854B-BA20631C717D}.Debug|Any CPU.ActiveCfg = Debug|Any CPU
		{64ABDBB9-23DF-4ED3-854B-BA20631C717D}.Debug|Any CPU.Build.0 = Debug|Any CPU
		{64ABDBB9-23DF-4ED3-854B-BA20631C717D}.Release|Any CPU.ActiveCfg = Release|Any CPU
		{64ABDBB9-23DF-4ED3-854B-BA20631C717D}.Release|Any CPU.Build.0 = Release|Any CPU
		{3AD7F45F-C27C-4911-86B1-C8B6A61085FE}.Debug|Any CPU.ActiveCfg = Debug|Any CPU
		{3AD7F45F-C27C-4911-86B1-C8B6A61085FE}.Debug|Any CPU.Build.0 = Debug|Any CPU
		{3AD7F45F-C27C-4911-86B1-C8B6A61085FE}.Release|Any CPU.ActiveCfg = Release|Any CPU
		{3AD7F45F-C27C-4911-86B1-C8B6A61085FE}.Release|Any CPU.Build.0 = Release|Any CPU
		{A00CC812-2AE8-4B28-B22C-081DA3F8F34F}.Debug|Any CPU.ActiveCfg = Debug|Any CPU
		{A00CC812-2AE8-4B28-B22C-081DA3F8F34F}.Debug|Any CPU.Build.0 = Debug|Any CPU
		{A00CC812-2AE8-4B28-B22C-081DA3F8F34F}.Release|Any CPU.ActiveCfg = Release|Any CPU
		{A00CC812-2AE8-4B28-B22C-081DA3F8F34F}.Release|Any CPU.Build.0 = Release|Any CPU
	EndGlobalSection
	GlobalSection(SolutionProperties) = preSolution
		HideSolutionNode = FALSE
	EndGlobalSection
	GlobalSection(ExtensibilityGlobals) = postSolution
		SolutionGuid = {6D596235-6EB0-4F47-AA48-1501AA5F17DC}
	EndGlobalSection
EndGlobal
